
Microsoft Visual Studio Solution File, Format Version 12.00
# Visual Studio Version 17
VisualStudioVersion = 17.11.35327.3
MinimumVisualStudioVersion = 10.0.40219.1
Project("{FAE04EC0-301F-11D3-BF4B-00C04F79EFBC}") = "PhanMem_QuanLy_CBCC", "PhanMem_QuanLy_CBCC\PhanMem_QuanLy_CBCC.csproj", "{F2CAFE10-08CB-44E7-9E97-0BDC01D5F49B}"
EndProject
Global
	GlobalSection(SolutionConfigurationPlatforms) = preSolution
		Debug|Any CPU = Debug|Any CPU
		Release|Any CPU = Release|Any CPU
	EndGlobalSection
	GlobalSection(ProjectConfigurationPlatforms) = postSolution
		{F2CAFE10-08CB-44E7-9E97-0BDC01D5F49B}.Debug|Any CPU.ActiveCfg = Debug|Any CPU
		{F2CAFE10-08CB-44E7-9E97-0BDC01D5F49B}.Debug|Any CPU.Build.0 = Debug|Any CPU
		{F2CAFE10-08CB-44E7-9E97-0BDC01D5F49B}.Release|Any CPU.ActiveCfg = Release|Any CPU
		{F2CAFE10-08CB-44E7-9E97-0BDC01D5F49B}.Release|Any CPU.Build.0 = Release|Any CPU
	EndGlobalSection
	GlobalSection(SolutionProperties) = preSolution
		HideSolutionNode = FALSE
	EndGlobalSection
	GlobalSection(ExtensibilityGlobals) = postSolution
		SolutionGuid = {87B5864C-400F-419B-B574-64A0589154D4}
	EndGlobalSection
EndGlobal
